
Microsoft Visual Studio Solution File, Format Version 12.00
# Visual Studio Version 16
VisualStudioVersion = 16.0.29215.179
MinimumVisualStudioVersion = 10.0.40219.1
Project("{FAE04EC0-301F-11D3-BF4B-00C04F79EFBC}") = "CSDL", "CSDL.csproj", "{EB3868C2-907C-49D8-A7A7-688A61DC8B2B}"
EndProject
Global
	GlobalSection(SolutionConfigurationPlatforms) = preSolution
		Debug|Any CPU = Debug|Any CPU
		Release|Any CPU = Release|Any CPU
	EndGlobalSection
	GlobalSection(ProjectConfigurationPlatforms) = postSolution
		{EB3868C2-907C-49D8-A7A7-688A61DC8B2B}.Debug|Any CPU.ActiveCfg = Debug|Any CPU
		{EB3868C2-907C-49D8-A7A7-688A61DC8B2B}.Debug|Any CPU.Build.0 = Debug|Any CPU
		{EB3868C2-907C-49D8-A7A7-688A61DC8B2B}.Release|Any CPU.ActiveCfg = Release|Any CPU
		{EB3868C2-907C-49D8-A7A7-688A61DC8B2B}.Release|Any CPU.Build.0 = Release|Any CPU
	EndGlobalSection
	GlobalSection(SolutionProperties) = preSolution
		HideSolutionNode = FALSE
	EndGlobalSection
	GlobalSection(ExtensibilityGlobals) = postSolution
		SolutionGuid = {4453DCDF-9776-4C7E-8C28-2848D86F5515}
	EndGlobalSection
EndGlobal
